
Microsoft Visual Studio Solution File, Format Version 12.00
# Visual Studio 15
VisualStudioVersion = 15.0.26430.15
MinimumVisualStudioVersion = 10.0.40219.1
Project("{FAE04EC0-301F-11D3-BF4B-00C04F79EFBC}") = "InProcKestrel", "InProcKestrel\InProcKestrel.csproj", "{45569D26-8FB1-4075-8A52-644A6320C356}"
EndProject
Project("{FAE04EC0-301F-11D3-BF4B-00C04F79EFBC}") = "InProcKestrel.WebTests", "InProcKestrel.WebTests\InProcKestrel.WebTests.csproj", "{F83939EC-65B2-4DF7-BA45-CA658FEE014F}"
EndProject
Global
	GlobalSection(SolutionConfigurationPlatforms) = preSolution
		Debug|Any CPU = Debug|Any CPU
		Release|Any CPU = Release|Any CPU
	EndGlobalSection
	GlobalSection(ProjectConfigurationPlatforms) = postSolution
		{45569D26-8FB1-4075-8A52-644A6320C356}.Debug|Any CPU.ActiveCfg = Debug|Any CPU
		{45569D26-8FB1-4075-8A52-644A6320C356}.Debug|Any CPU.Build.0 = Debug|Any CPU
		{45569D26-8FB1-4075-8A52-644A6320C356}.Release|Any CPU.ActiveCfg = Release|Any CPU
		{45569D26-8FB1-4075-8A52-644A6320C356}.Release|Any CPU.Build.0 = Release|Any CPU
		{F83939EC-65B2-4DF7-BA45-CA658FEE014F}.Debug|Any CPU.ActiveCfg = Debug|Any CPU
		{F83939EC-65B2-4DF7-BA45-CA658FEE014F}.Debug|Any CPU.Build.0 = Debug|Any CPU
		{F83939EC-65B2-4DF7-BA45-CA658FEE014F}.Release|Any CPU.ActiveCfg = Release|Any CPU
		{F83939EC-65B2-4DF7-BA45-CA658FEE014F}.Release|Any CPU.Build.0 = Release|Any CPU
	EndGlobalSection
	GlobalSection(SolutionProperties) = preSolution
		HideSolutionNode = FALSE
	EndGlobalSection
EndGlobal
